// !$*UTF8*$!
{
	archiveVersion = 1;
	classes = {
	};
	objectVersion = 55;
	objects = {

/* Begin PBXBuildFile section */
		AF77B7E32723C9F200229197 /* SomeThingApp.swift in Sources */ = {isa = PBXBuildFile; fileRef = AF77B7E22723C9F200229197 /* SomeThingApp.swift */; };
		AF77B7E52723C9F200229197 /* ContentView.swift in Sources */ = {isa = PBXBuildFile; fileRef = AF77B7E42723C9F200229197 /* ContentView.swift */; };
		AF77B7E72723C9F400229197 /* Assets.xcassets in Resources */ = {isa = PBXBuildFile; fileRef = AF77B7E62723C9F400229197 /* Assets.xcassets */; };
		AF77B7EA2723C9F400229197 /* Preview Assets.xcassets in Resources */ = {isa = PBXBuildFile; fileRef = AF77B7E92723C9F400229197 /* Preview Assets.xcassets */; };
		AF77B7F42723C9F400229197 /* SomeThingTests.swift in Sources */ = {isa = PBXBuildFile; fileRef = AF77B7F32723C9F400229197 /* SomeThingTests.swift */; };
		AF77B7FE2723C9F400229197 /* SomeThingUITests.swift in Sources */ = {isa = PBXBuildFile; fileRef = AF77B7FD2723C9F400229197 /* SomeThingUITests.swift */; };
		AF77B8002723C9F400229197 /* SomeThingUITestsLaunchTests.swift in Sources */ = {isa = PBXBuildFile; fileRef = AF77B7FF2723C9F400229197 /* SomeThingUITestsLaunchTests.swift */; };
/* End PBXBuildFile section */

/* Begin PBXContainerItemProxy section */
		AF77B7F02723C9F400229197 /* PBXContainerItemProxy */ = {
			isa = PBXContainerItemProxy;
			containerPortal = AF77B7D72723C9F200229197 /* Project object */;
			proxyType = 1;
			remoteGlobalIDString = AF77B7DE2723C9F200229197;
			remoteInfo = SomeThing;
		};
		AF77B7FA2723C9F400229197 /* PBXContainerItemProxy */ = {
			isa = PBXContainerItemProxy;
			containerPortal = AF77B7D72723C9F200229197 /* Project object */;
			proxyType = 1;
			remoteGlobalIDString = AF77B7DE2723C9F200229197;
			remoteInfo = SomeThing;
		};
/* End PBXContainerItemProxy section */

/* Begin PBXFileReference section */
		AF77B7DF2723C9F200229197 /* SomeThing.app */ = {isa = PBXFileReference; explicitFileType = wrapper.application; includeInIndex = 0; path = SomeThing.app; sourceTree = BUILT_PRODUCTS_DIR; };
		AF77B7E22723C9F200229197 /* SomeThingApp.swift */ = {isa = PBXFileReference; lastKnownFileType = sourcecode.swift; path = SomeThingApp.swift; sourceTree = "<group>"; };
		AF77B7E42723C9F200229197 /* ContentView.swift */ = {isa = PBXFileReference; lastKnownFileType = sourcecode.swift; path = ContentView.swift; sourceTree = "<group>"; };
		AF77B7E62723C9F400229197 /* Assets.xcassets */ = {isa = PBXFileReference; lastKnownFileType = folder.assetcatalog; path = Assets.xcassets; sourceTree = "<group>"; };
		AF77B7E92723C9F400229197 /* Preview Assets.xcassets */ = {isa = PBXFileReference; lastKnownFileType = folder.assetcatalog; path = "Preview Assets.xcassets"; sourceTree = "<group>"; };
		AF77B7EF2723C9F400229197 /* SomeThingTests.xctest */ = {isa = PBXFileReference; explicitFileType = wrapper.cfbundle; includeInIndex = 0; path = SomeThingTests.xctest; sourceTree = BUILT_PRODUCTS_DIR; };
		AF77B7F32723C9F400229197 /* SomeThingTests.swift */ = {isa = PBXFileReference; lastKnownFileType = sourcecode.swift; path = SomeThingTests.swift; sourceTree = "<group>"; };
		AF77B7F92723C9F400229197 /* SomeThingUITests.xctest */ = {isa = PBXFileReference; explicitFileType = wrapper.cfbundle; includeInIndex = 0; path = SomeThingUITests.xctest; sourceTree = BUILT_PRODUCTS_DIR; };
		AF77B7FD2723C9F400229197 /* SomeThingUITests.swift */ = {isa = PBXFileReference; lastKnownFileType = sourcecode.swift; path = SomeThingUITests.swift; sourceTree = "<group>"; };
		AF77B7FF2723C9F400229197 /* SomeThingUITestsLaunchTests.swift */ = {isa = PBXFileReference; lastKnownFileType = sourcecode.swift; path = SomeThingUITestsLaunchTests.swift; sourceTree = "<group>"; };
/* End PBXFileReference section */

/* Begin PBXFrameworksBuildPhase section */
		AF77B7DC2723C9F200229197 /* Frameworks */ = {
			isa = PBXFrameworksBuildPhase;
			buildActionMask = 2147483647;
			files = (
			);
			runOnlyForDeploymentPostprocessing = 0;
		};
		AF77B7EC2723C9F400229197 /* Frameworks */ = {
			isa = PBXFrameworksBuildPhase;
			buildActionMask = 2147483647;
			files = (
			);
			runOnlyForDeploymentPostprocessing = 0;
		};
		AF77B7F62723C9F400229197 /* Frameworks */ = {
			isa = PBXFrameworksBuildPhase;
			buildActionMask = 2147483647;
			files = (
			);
			runOnlyForDeploymentPostprocessing = 0;
		};
/* End PBXFrameworksBuildPhase section */

/* Begin PBXGroup section */
		AF77B7D62723C9F200229197 = {
			isa = PBXGroup;
			children = (
				AF77B7E12723C9F200229197 /* SomeThing */,
				AF77B7F22723C9F400229197 /* SomeThingTests */,
				AF77B7FC2723C9F400229197 /* SomeThingUITests */,
				AF77B7E02723C9F200229197 /* Products */,
			);
			sourceTree = "<group>";
		};
		AF77B7E02723C9F200229197 /* Products */ = {
			isa = PBXGroup;
			children = (
				AF77B7DF2723C9F200229197 /* SomeThing.app */,
				AF77B7EF2723C9F400229197 /* SomeThingTests.xctest */,
				AF77B7F92723C9F400229197 /* SomeThingUITests.xctest */,
			);
			name = Products;
			sourceTree = "<group>";
		};
		AF77B7E12723C9F200229197 /* SomeThing */ = {
			isa = PBXGroup;
			children = (
				AF77B7E22723C9F200229197 /* SomeThingApp.swift */,
				AF77B7E42723C9F200229197 /* ContentView.swift */,
				AF77B7E62723C9F400229197 /* Assets.xcassets */,
				AF77B7E82723C9F400229197 /* Preview Content */,
			);
			path = SomeThing;
			sourceTree = "<group>";
		};
		AF77B7E82723C9F400229197 /* Preview Content */ = {
			isa = PBXGroup;
			children = (
				AF77B7E92723C9F400229197 /* Preview Assets.xcassets */,
			);
			path = "Preview Content";
			sourceTree = "<group>";
		};
		AF77B7F22723C9F400229197 /* SomeThingTests */ = {
			isa = PBXGroup;
			children = (
				AF77B7F32723C9F400229197 /* SomeThingTests.swift */,
			);
			path = SomeThingTests;
			sourceTree = "<group>";
		};
		AF77B7FC2723C9F400229197 /* SomeThingUITests */ = {
			isa = PBXGroup;
			children = (
				AF77B7FD2723C9F400229197 /* SomeThingUITests.swift */,
				AF77B7FF2723C9F400229197 /* SomeThingUITestsLaunchTests.swift */,
			);
			path = SomeThingUITests;
			sourceTree = "<group>";
		};
/* End PBXGroup section */

/* Begin PBXNativeTarget section */
		AF77B7DE2723C9F200229197 /* SomeThing */ = {
			isa = PBXNativeTarget;
			buildConfigurationList = AF77B8032723C9F400229197 /* Build configuration list for PBXNativeTarget "SomeThing" */;
			buildPhases = (
				AF77B7DB2723C9F200229197 /* Sources */,
				AF77B7DC2723C9F200229197 /* Frameworks */,
				AF77B7DD2723C9F200229197 /* Resources */,
			);
			buildRules = (
			);
			dependencies = (
			);
			name = SomeThing;
			productName = SomeThing;
			productReference = AF77B7DF2723C9F200229197 /* SomeThing.app */;
			productType = "com.apple.product-type.application";
		};
		AF77B7EE2723C9F400229197 /* SomeThingTests */ = {
			isa = PBXNativeTarget;
			buildConfigurationList = AF77B8062723C9F400229197 /* Build configuration list for PBXNativeTarget "SomeThingTests" */;
			buildPhases = (
				AF77B7EB2723C9F400229197 /* Sources */,
				AF77B7EC2723C9F400229197 /* Frameworks */,
				AF77B7ED2723C9F400229197 /* Resources */,
			);
			buildRules = (
			);
			dependencies = (
				AF77B7F12723C9F400229197 /* PBXTargetDependency */,
			);
			name = SomeThingTests;
			productName = SomeThingTests;
			productReference = AF77B7EF2723C9F400229197 /* SomeThingTests.xctest */;
			productType = "com.apple.product-type.bundle.unit-test";
		};
		AF77B7F82723C9F400229197 /* SomeThingUITests */ = {
			isa = PBXNativeTarget;
			buildConfigurationList = AF77B8092723C9F400229197 /* Build configuration list for PBXNativeTarget "SomeThingUITests" */;
			buildPhases = (
				AF77B7F52723C9F400229197 /* Sources */,
				AF77B7F62723C9F400229197 /* Frameworks */,
				AF77B7F72723C9F400229197 /* Resources */,
			);
			buildRules = (
			);
			dependencies = (
				AF77B7FB2723C9F400229197 /* PBXTargetDependency */,
			);
			name = SomeThingUITests;
			productName = SomeThingUITests;
			productReference = AF77B7F92723C9F400229197 /* SomeThingUITests.xctest */;
			productType = "com.apple.product-type.bundle.ui-testing";
		};
/* End PBXNativeTarget section */

/* Begin PBXProject section */
		AF77B7D72723C9F200229197 /* Project object */ = {
			isa = PBXProject;
			attributes = {
				BuildIndependentTargetsInParallel = 1;
				LastSwiftUpdateCheck = 1300;
				LastUpgradeCheck = 1300;
				TargetAttributes = {
					AF77B7DE2723C9F200229197 = {
						CreatedOnToolsVersion = 13.0;
					};
					AF77B7EE2723C9F400229197 = {
						CreatedOnToolsVersion = 13.0;
						TestTargetID = AF77B7DE2723C9F200229197;
					};
					AF77B7F82723C9F400229197 = {
						CreatedOnToolsVersion = 13.0;
						TestTargetID = AF77B7DE2723C9F200229197;
					};
				};
			};
			buildConfigurationList = AF77B7DA2723C9F200229197 /* Build configuration list for PBXProject "SomeThing" */;
			compatibilityVersion = "Xcode 13.0";
			developmentRegion = en;
			hasScannedForEncodings = 0;
			knownRegions = (
				en,
				Base,
			);
			mainGroup = AF77B7D62723C9F200229197;
			productRefGroup = AF77B7E02723C9F200229197 /* Products */;
			projectDirPath = "";
			projectRoot = "";
			targets = (
				AF77B7DE2723C9F200229197 /* SomeThing */,
				AF77B7EE2723C9F400229197 /* SomeThingTests */,
				AF77B7F82723C9F400229197 /* SomeThingUITests */,
			);
		};
/* End PBXProject section */

/* Begin PBXResourcesBuildPhase section */
		AF77B7DD2723C9F200229197 /* Resources */ = {
			isa = PBXResourcesBuildPhase;
			buildActionMask = 2147483647;
			files = (
				AF77B7EA2723C9F400229197 /* Preview Assets.xcassets in Resources */,
				AF77B7E72723C9F400229197 /* Assets.xcassets in Resources */,
			);
			runOnlyForDeploymentPostprocessing = 0;
		};
		AF77B7ED2723C9F400229197 /* Resources */ = {
			isa = PBXResourcesBuildPhase;
			buildActionMask = 2147483647;
			files = (
			);
			runOnlyForDeploymentPostprocessing = 0;
		};
		AF77B7F72723C9F400229197 /* Resources */ = {
			isa = PBXResourcesBuildPhase;
			buildActionMask = 2147483647;
			files = (
			);
			runOnlyForDeploymentPostprocessing = 0;
		};
/* End PBXResourcesBuildPhase section */

/* Begin PBXSourcesBuildPhase section */
		AF77B7DB2723C9F200229197 /* Sources */ = {
			isa = PBXSourcesBuildPhase;
			buildActionMask = 2147483647;
			files = (
				AF77B7E52723C9F200229197 /* ContentView.swift in Sources */,
				AF77B7E32723C9F200229197 /* SomeThingApp.swift in Sources */,
			);
			runOnlyForDeploymentPostprocessing = 0;
		};
		AF77B7EB2723C9F400229197 /* Sources */ = {
			isa = PBXSourcesBuildPhase;
			buildActionMask = 2147483647;
			files = (
				AF77B7F42723C9F400229197 /* SomeThingTests.swift in Sources */,
			);
			runOnlyForDeploymentPostprocessing = 0;
		};
		AF77B7F52723C9F400229197 /* Sources */ = {
			isa = PBXSourcesBuildPhase;
			buildActionMask = 2147483647;
			files = (
				AF77B7FE2723C9F400229197 /* SomeThingUITests.swift in Sources */,
				AF77B8002723C9F400229197 /* SomeThingUITestsLaunchTests.swift in Sources */,
			);
			runOnlyForDeploymentPostprocessing = 0;
		};
/* End PBXSourcesBuildPhase section */

/* Begin PBXTargetDependency section */
		AF77B7F12723C9F400229197 /* PBXTargetDependency */ = {
			isa = PBXTargetDependency;
			target = AF77B7DE2723C9F200229197 /* SomeThing */;
			targetProxy = AF77B7F02723C9F400229197 /* PBXContainerItemProxy */;
		};
		AF77B7FB2723C9F400229197 /* PBXTargetDependency */ = {
			isa = PBXTargetDependency;
			target = AF77B7DE2723C9F200229197 /* SomeThing */;
			targetProxy = AF77B7FA2723C9F400229197 /* PBXContainerItemProxy */;
		};
/* End PBXTargetDependency section */

/* Begin XCBuildConfiguration section */
		AF77B8012723C9F400229197 /* Debug */ = {
			isa = XCBuildConfiguration;
			buildSettings = {
				ALWAYS_SEARCH_USER_PATHS = NO;
				CLANG_ANALYZER_NONNULL = YES;
				CLANG_ANALYZER_NUMBER_OBJECT_CONVERSION = YES_AGGRESSIVE;
				CLANG_CXX_LANGUAGE_STANDARD = "gnu++17";
				CLANG_CXX_LIBRARY = "libc++";
				CLANG_ENABLE_MODULES = YES;
				CLANG_ENABLE_OBJC_ARC = YES;
				CLANG_ENABLE_OBJC_WEAK = YES;
				CLANG_WARN_BLOCK_CAPTURE_AUTORELEASING = YES;
				CLANG_WARN_BOOL_CONVERSION = YES;
				CLANG_WARN_COMMA = YES;
				CLANG_WARN_CONSTANT_CONVERSION = YES;
				CLANG_WARN_DEPRECATED_OBJC_IMPLEMENTATIONS = YES;
				CLANG_WARN_DIRECT_OBJC_ISA_USAGE = YES_ERROR;
				CLANG_WARN_DOCUMENTATION_COMMENTS = YES;
				CLANG_WARN_EMPTY_BODY = YES;
				CLANG_WARN_ENUM_CONVERSION = YES;
				CLANG_WARN_INFINITE_RECURSION = YES;
				CLANG_WARN_INT_CONVERSION = YES;
				CLANG_WARN_NON_LITERAL_NULL_CONVERSION = YES;
				CLANG_WARN_OBJC_IMPLICIT_RETAIN_SELF = YES;
				CLANG_WARN_OBJC_LITERAL_CONVERSION = YES;
				CLANG_WARN_OBJC_ROOT_CLASS = YES_ERROR;
				CLANG_WARN_QUOTED_INCLUDE_IN_FRAMEWORK_HEADER = YES;
				CLANG_WARN_RANGE_LOOP_ANALYSIS = YES;
				CLANG_WARN_STRICT_PROTOTYPES = YES;
				CLANG_WARN_SUSPICIOUS_MOVE = YES;
				CLANG_WARN_UNGUARDED_AVAILABILITY = YES_AGGRESSIVE;
				CLANG_WARN_UNREACHABLE_CODE = YES;
				CLANG_WARN__DUPLICATE_METHOD_MATCH = YES;
				COPY_PHASE_STRIP = NO;
				DEBUG_INFORMATION_FORMAT = dwarf;
				ENABLE_STRICT_OBJC_MSGSEND = YES;
				ENABLE_TESTABILITY = YES;
				GCC_C_LANGUAGE_STANDARD = gnu11;
				GCC_DYNAMIC_NO_PIC = NO;
				GCC_NO_COMMON_BLOCKS = YES;
				GCC_OPTIMIZATION_LEVEL = 0;
				GCC_PREPROCESSOR_DEFINITIONS = (
					"DEBUG=1",
					"$(inherited)",
				);
				GCC_WARN_64_TO_32_BIT_CONVERSION = YES;
				GCC_WARN_ABOUT_RETURN_TYPE = YES_ERROR;
				GCC_WARN_UNDECLARED_SELECTOR = YES;
				GCC_WARN_UNINITIALIZED_AUTOS = YES_AGGRESSIVE;
				GCC_WARN_UNUSED_FUNCTION = YES;
				GCC_WARN_UNUSED_VARIABLE = YES;
				IPHONEOS_DEPLOYMENT_TARGET = 15.0;
				MTL_ENABLE_DEBUG_INFO = INCLUDE_SOURCE;
				MTL_FAST_MATH = YES;
				ONLY_ACTIVE_ARCH = YES;
				SDKROOT = iphoneos;
				SWIFT_ACTIVE_COMPILATION_CONDITIONS = DEBUG;
				SWIFT_OPTIMIZATION_LEVEL = "-Onone";
			};
			name = Debug;
		};
		AF77B8022723C9F400229197 /* Release */ = {
			isa = XCBuildConfiguration;
			buildSettings = {
				ALWAYS_SEARCH_USER_PATHS = NO;
				CLANG_ANALYZER_NONNULL = YES;
				CLANG_ANALYZER_NUMBER_OBJECT_CONVERSION = YES_AGGRESSIVE;
				CLANG_CXX_LANGUAGE_STANDARD = "gnu++17";
				CLANG_CXX_LIBRARY = "libc++";
				CLANG_ENABLE_MODULES = YES;
				CLANG_ENABLE_OBJC_ARC = YES;
				CLANG_ENABLE_OBJC_WEAK = YES;
				CLANG_WARN_BLOCK_CAPTURE_AUTORELEASING = YES;
				CLANG_WARN_BOOL_CONVERSION = YES;
				CLANG_WARN_COMMA = YES;
				CLANG_WARN_CONSTANT_CONVERSION = YES;
				CLANG_WARN_DEPRECATED_OBJC_IMPLEMENTATIONS = YES;
				CLANG_WARN_DIRECT_OBJC_ISA_USAGE = YES_ERROR;
				CLANG_WARN_DOCUMENTATION_COMMENTS = YES;
				CLANG_WARN_EMPTY_BODY = YES;
				CLANG_WARN_ENUM_CONVERSION = YES;
				CLANG_WARN_INFINITE_RECURSION = YES;
				CLANG_WARN_INT_CONVERSION = YES;
				CLANG_WARN_NON_LITERAL_NULL_CONVERSION = YES;
				CLANG_WARN_OBJC_IMPLICIT_RETAIN_SELF = YES;
				CLANG_WARN_OBJC_LITERAL_CONVERSION = YES;
				CLANG_WARN_OBJC_ROOT_CLASS = YES_ERROR;
				CLANG_WARN_QUOTED_INCLUDE_IN_FRAMEWORK_HEADER = YES;
				CLANG_WARN_RANGE_LOOP_ANALYSIS = YES;
				CLANG_WARN_STRICT_PROTOTYPES = YES;
				CLANG_WARN_SUSPICIOUS_MOVE = YES;
				CLANG_WARN_UNGUARDED_AVAILABILITY = YES_AGGRESSIVE;
				CLANG_WARN_UNREACHABLE_CODE = YES;
				CLANG_WARN__DUPLICATE_METHOD_MATCH = YES;
				COPY_PHASE_STRIP = NO;
				DEBUG_INFORMATION_FORMAT = "dwarf-with-dsym";
				ENABLE_NS_ASSERTIONS = NO;
				ENABLE_STRICT_OBJC_MSGSEND = YES;
				GCC_C_LANGUAGE_STANDARD = gnu11;
				GCC_NO_COMMON_BLOCKS = YES;
				GCC_WARN_64_TO_32_BIT_CONVERSION = YES;
				GCC_WARN_ABOUT_RETURN_TYPE = YES_ERROR;
				GCC_WARN_UNDECLARED_SELECTOR = YES;
				GCC_WARN_UNINITIALIZED_AUTOS = YES_AGGRESSIVE;
				GCC_WARN_UNUSED_FUNCTION = YES;
				GCC_WARN_UNUSED_VARIABLE = YES;
				IPHONEOS_DEPLOYMENT_TARGET = 15.0;
				MTL_ENABLE_DEBUG_INFO = NO;
				MTL_FAST_MATH = YES;
				SDKROOT = iphoneos;
				SWIFT_COMPILATION_MODE = wholemodule;
				SWIFT_OPTIMIZATION_LEVEL = "-O";
				VALIDATE_PRODUCT = YES;
			};
			name = Release;
		};
		AF77B8042723C9F400229197 /* Debug */ = {
			isa = XCBuildConfiguration;
			buildSettings = {
				ASSETCATALOG_COMPILER_APPICON_NAME = AppIcon;
				ASSETCATALOG_COMPILER_GLOBAL_ACCENT_COLOR_NAME = AccentColor;
				CODE_SIGN_STYLE = Automatic;
				CURRENT_PROJECT_VERSION = 1;
				DEVELOPMENT_ASSET_PATHS = "\"SomeThing/Preview Content\"";
				DEVELOPMENT_TEAM = D6D5J987L4;
				ENABLE_PREVIEWS = YES;
				GENERATE_INFOPLIST_FILE = YES;
				INFOPLIST_KEY_UIApplicationSceneManifest_Generation = YES;
				INFOPLIST_KEY_UIApplicationSupportsIndirectInputEvents = YES;
				INFOPLIST_KEY_UILaunchScreen_Generation = YES;
				INFOPLIST_KEY_UISupportedInterfaceOrientations_iPad = "UIInterfaceOrientationPortrait UIInterfaceOrientationPortraitUpsideDown UIInterfaceOrientationLandscapeLeft UIInterfaceOrientationLandscapeRight";
				INFOPLIST_KEY_UISupportedInterfaceOrientations_iPhone = "UIInterfaceOrientationPortrait UIInterfaceOrientationLandscapeLeft UIInterfaceOrientationLandscapeRight";
				IPHONEOS_DEPLOYMENT_TARGET = 14.0;
				LD_RUNPATH_SEARCH_PATHS = (
					"$(inherited)",
					"@executable_path/Frameworks",
				);
				MARKETING_VERSION = 1.0;
				PRODUCT_BUNDLE_IDENTIFIER = athon.SomeThing;
				PRODUCT_NAME = "$(TARGET_NAME)";
				SWIFT_EMIT_LOC_STRINGS = YES;
				SWIFT_VERSION = 5.0;
				TARGETED_DEVICE_FAMILY = "1,2";
			};
			name = Debug;
		};
		AF77B8052723C9F400229197 /* Release */ = {
			isa = XCBuildConfiguration;
			buildSettings = {
				ASSETCATALOG_COMPILER_APPICON_NAME = AppIcon;
				ASSETCATALOG_COMPILER_GLOBAL_ACCENT_COLOR_NAME = AccentColor;
				CODE_SIGN_STYLE = Automatic;
				CURRENT_PROJECT_VERSION = 1;
				DEVELOPMENT_ASSET_PATHS = "\"SomeThing/Preview Content\"";
				DEVELOPMENT_TEAM = D6D5J987L4;
				ENABLE_PREVIEWS = YES;
				GENERATE_INFOPLIST_FILE = YES;
				INFOPLIST_KEY_UIApplicationSceneManifest_Generation = YES;
				INFOPLIST_KEY_UIApplicationSupportsIndirectInputEvents = YES;
				INFOPLIST_KEY_UILaunchScreen_Generation = YES;
				INFOPLIST_KEY_UISupportedInterfaceOrientations_iPad = "UIInterfaceOrientationPortrait UIInterfaceOrientationPortraitUpsideDown UIInterfaceOrientationLandscapeLeft UIInterfaceOrientationLandscapeRight";
				INFOPLIST_KEY_UISupportedInterfaceOrientations_iPhone = "UIInterfaceOrientationPortrait UIInterfaceOrientationLandscapeLeft UIInterfaceOrientationLandscapeRight";
				IPHONEOS_DEPLOYMENT_TARGET = 14.0;
				LD_RUNPATH_SEARCH_PATHS = (
					"$(inherited)",
					"@executable_path/Frameworks",
				);
				MARKETING_VERSION = 1.0;
				PRODUCT_BUNDLE_IDENTIFIER = athon.SomeThing;
				PRODUCT_NAME = "$(TARGET_NAME)";
				SWIFT_EMIT_LOC_STRINGS = YES;
				SWIFT_VERSION = 5.0;
				TARGETED_DEVICE_FAMILY = "1,2";
			};
			name = Release;
		};
		AF77B8072723C9F400229197 /* Debug */ = {
			isa = XCBuildConfiguration;
			buildSettings = {
				ALWAYS_EMBED_SWIFT_STANDARD_LIBRARIES = YES;
				BUNDLE_LOADER = "$(TEST_HOST)";
				CODE_SIGN_STYLE = Automatic;
				CURRENT_PROJECT_VERSION = 1;
				DEVELOPMENT_TEAM = D6D5J987L4;
				GENERATE_INFOPLIST_FILE = YES;
				IPHONEOS_DEPLOYMENT_TARGET = 14.0;
				LD_RUNPATH_SEARCH_PATHS = (
					"$(inherited)",
					"@executable_path/Frameworks",
					"@loader_path/Frameworks",
				);
				MARKETING_VERSION = 1.0;
				PRODUCT_BUNDLE_IDENTIFIER = athon.SomeThingTests;
				PRODUCT_NAME = "$(TARGET_NAME)";
				SWIFT_EMIT_LOC_STRINGS = NO;
				SWIFT_VERSION = 5.0;
				TARGETED_DEVICE_FAMILY = "1,2";
				TEST_HOST = "$(BUILT_PRODUCTS_DIR)/SomeThing.app/SomeThing";
			};
			name = Debug;
		};
		AF77B8082723C9F400229197 /* Release */ = {
			isa = XCBuildConfiguration;
			buildSettings = {
				ALWAYS_EMBED_SWIFT_STANDARD_LIBRARIES = YES;
				BUNDLE_LOADER = "$(TEST_HOST)";
				CODE_SIGN_STYLE = Automatic;
				CURRENT_PROJECT_VERSION = 1;
				DEVELOPMENT_TEAM = D6D5J987L4;
				GENERATE_INFOPLIST_FILE = YES;
				IPHONEOS_DEPLOYMENT_TARGET = 14.0;
				LD_RUNPATH_SEARCH_PATHS = (
					"$(inherited)",
					"@executable_path/Frameworks",
					"@loader_path/Frameworks",
				);
				MARKETING_VERSION = 1.0;
				PRODUCT_BUNDLE_IDENTIFIER = athon.SomeThingTests;
				PRODUCT_NAME = "$(TARGET_NAME)";
				SWIFT_EMIT_LOC_STRINGS = NO;
				SWIFT_VERSION = 5.0;
				TARGETED_DEVICE_FAMILY = "1,2";
				TEST_HOST = "$(BUILT_PRODUCTS_DIR)/SomeThing.app/SomeThing";
			};
			name = Release;
		};
		AF77B80A2723C9F400229197 /* Debug */ = {
			isa = XCBuildConfiguration;
			buildSettings = {
				ALWAYS_EMBED_SWIFT_STANDARD_LIBRARIES = YES;
				CODE_SIGN_STYLE = Automatic;
				CURRENT_PROJECT_VERSION = 1;
				DEVELOPMENT_TEAM = D6D5J987L4;
				GENERATE_INFOPLIST_FILE = YES;
				LD_RUNPATH_SEARCH_PATHS = (
					"$(inherited)",
					"@executable_path/Frameworks",
					"@loader_path/Frameworks",
				);
				MARKETING_VERSION = 1.0;
				PRODUCT_BUNDLE_IDENTIFIER = athon.SomeThingUITests;
				PRODUCT_NAME = "$(TARGET_NAME)";
				SWIFT_EMIT_LOC_STRINGS = NO;
				SWIFT_VERSION = 5.0;
				TARGETED_DEVICE_FAMILY = "1,2";
				TEST_TARGET_NAME = SomeThing;
			};
			name = Debug;
		};
		AF77B80B2723C9F400229197 /* Release */ = {
			isa = XCBuildConfiguration;
			buildSettings = {
				ALWAYS_EMBED_SWIFT_STANDARD_LIBRARIES = YES;
				CODE_SIGN_STYLE = Automatic;
				CURRENT_PROJECT_VERSION = 1;
				DEVELOPMENT_TEAM = D6D5J987L4;
				GENERATE_INFOPLIST_FILE = YES;
				LD_RUNPATH_SEARCH_PATHS = (
					"$(inherited)",
					"@executable_path/Frameworks",
					"@loader_path/Frameworks",
				);
				MARKETING_VERSION = 1.0;
				PRODUCT_BUNDLE_IDENTIFIER = athon.SomeThingUITests;
				PRODUCT_NAME = "$(TARGET_NAME)";
				SWIFT_EMIT_LOC_STRINGS = NO;
				SWIFT_VERSION = 5.0;
				TARGETED_DEVICE_FAMILY = "1,2";
				TEST_TARGET_NAME = SomeThing;
			};
			name = Release;
		};
/* End XCBuildConfiguration section */

/* Begin XCConfigurationList section */
		AF77B7DA2723C9F200229197 /* Build configuration list for PBXProject "SomeThing" */ = {
			isa = XCConfigurationList;
			buildConfigurations = (
				AF77B8012723C9F400229197 /* Debug */,
				AF77B8022723C9F400229197 /* Release */,
			);
			defaultConfigurationIsVisible = 0;
			defaultConfigurationName = Release;
		};
		AF77B8032723C9F400229197 /* Build configuration list for PBXNativeTarget "SomeThing" */ = {
			isa = XCConfigurationList;
			buildConfigurations = (
				AF77B8042723C9F400229197 /* Debug */,
				AF77B8052723C9F400229197 /* Release */,
			);
			defaultConfigurationIsVisible = 0;
			defaultConfigurationName = Release;
		};
		AF77B8062723C9F400229197 /* Build configuration list for PBXNativeTarget "SomeThingTests" */ = {
			isa = XCConfigurationList;
			buildConfigurations = (
				AF77B8072723C9F400229197 /* Debug */,
				AF77B8082723C9F400229197 /* Release */,
			);
			defaultConfigurationIsVisible = 0;
			defaultConfigurationName = Release;
		};
		AF77B8092723C9F400229197 /* Build configuration list for PBXNativeTarget "SomeThingUITests" */ = {
			isa = XCConfigurationList;
			buildConfigurations = (
				AF77B80A2723C9F400229197 /* Debug */,
				AF77B80B2723C9F400229197 /* Release */,
			);
			defaultConfigurationIsVisible = 0;
			defaultConfigurationName = Release;
		};
/* End XCConfigurationList section */
	};
	rootObject = AF77B7D72723C9F200229197 /* Project object */;
}
